
Microsoft Visual Studio Solution File, Format Version 12.00
# Visual Studio Version 17 
VisualStudioVersion = 17.5.002.0
MinimumVisualStudioVersion = 10.0.40219.1
Project("{9A19103F-16F7-4668-BE54-9A1E7A4F7556}") = "Omlcs", "Omlcs.csproj", "{E607F25A-A1B0-46D0-8079-D550217CF554}"
EndProject
Global
	GlobalSection(SolutionConfigurationPlatforms) = preSolution
		Debug|Any CPU = Debug|Any CPU
		Release|Any CPU = Release|Any CPU
	EndGlobalSection
	GlobalSection(ProjectConfigurationPlatforms) = postSolution
		{E607F25A-A1B0-46D0-8079-D550217CF554}.Debug|Any CPU.ActiveCfg = Debug|Any CPU
		{E607F25A-A1B0-46D0-8079-D550217CF554}.Debug|Any CPU.Build.0 = Debug|Any CPU
		{E607F25A-A1B0-46D0-8079-D550217CF554}.Release|Any CPU.ActiveCfg = Release|Any CPU
		{E607F25A-A1B0-46D0-8079-D550217CF554}.Release|Any CPU.Build.0 = Release|Any CPU
	EndGlobalSection
	GlobalSection(SolutionProperties) = preSolution
		HideSolutionNode = FALSE
	EndGlobalSection
	GlobalSection(ExtensibilityGlobals) = postSolution
		SolutionGuid = {9136E740-F5A5-4FFD-9577-1DC2E6B30C5B}
	EndGlobalSection
EndGlobal
